// !$*UTF8*$!
{
	archiveVersion = 1;
	classes = {
	};
	objectVersion = 51;
	objects = {

/* Begin PBXBuildFile section */
		5FD47D9CB49FB9657CB69784 /* Pods_YYLabel_vs_UILabel.framework in Frameworks */ = {isa = PBXBuildFile; fileRef = C2E65BC8118B5B1D6024D898 /* Pods_YYLabel_vs_UILabel.framework */; };
		62D299DE53E6DE18981ED266 /* Pods_YYLabel_vs_UILabelTests.framework in Frameworks */ = {isa = PBXBuildFile; fileRef = 4A4441CDB0A5CE78CDD8A0F4 /* Pods_YYLabel_vs_UILabelTests.framework */; };
		6385905F2406304000A3B5AA /* 91ea0c0f-45e7-461f-8861-d0971428d446.ttf in Resources */ = {isa = PBXBuildFile; fileRef = 6385905E2406304000A3B5AA /* 91ea0c0f-45e7-461f-8861-d0971428d446.ttf */; };
		638590622406304B00A3B5AA /* UIFont+Versa.m in Sources */ = {isa = PBXBuildFile; fileRef = 638590612406304B00A3B5AA /* UIFont+Versa.m */; };
		638590652406344800A3B5AA /* YYTextLayout+VerticalForm.m in Sources */ = {isa = PBXBuildFile; fileRef = 638590642406344800A3B5AA /* YYTextLayout+VerticalForm.m */; };
		AF161A1B23F7B79A0006C517 /* AppDelegate.swift in Sources */ = {isa = PBXBuildFile; fileRef = AF161A1A23F7B79A0006C517 /* AppDelegate.swift */; };
		AF161A1D23F7B79A0006C517 /* SceneDelegate.swift in Sources */ = {isa = PBXBuildFile; fileRef = AF161A1C23F7B79A0006C517 /* SceneDelegate.swift */; };
		AF161A1F23F7B79A0006C517 /* ViewController.swift in Sources */ = {isa = PBXBuildFile; fileRef = AF161A1E23F7B79A0006C517 /* ViewController.swift */; };
		AF161A2223F7B79A0006C517 /* Main.storyboard in Resources */ = {isa = PBXBuildFile; fileRef = AF161A2023F7B79A0006C517 /* Main.storyboard */; };
		AF161A2423F7B79A0006C517 /* Assets.xcassets in Resources */ = {isa = PBXBuildFile; fileRef = AF161A2323F7B79A0006C517 /* Assets.xcassets */; };
		AF161A2723F7B79A0006C517 /* LaunchScreen.storyboard in Resources */ = {isa = PBXBuildFile; fileRef = AF161A2523F7B79A0006C517 /* LaunchScreen.storyboard */; };
		AF161A3223F7B79B0006C517 /* YYLabel_vs_UILabelTests.swift in Sources */ = {isa = PBXBuildFile; fileRef = AF161A3123F7B79B0006C517 /* YYLabel_vs_UILabelTests.swift */; };
		AF161A3D23F7B79B0006C517 /* YYLabel_vs_UILabelUITests.swift in Sources */ = {isa = PBXBuildFile; fileRef = AF161A3C23F7B79B0006C517 /* YYLabel_vs_UILabelUITests.swift */; };
		AFC9316523FCF9DD00B84B08 /* DebugOption.m in Sources */ = {isa = PBXBuildFile; fileRef = AFC9316423FCF9DD00B84B08 /* DebugOption.m */; };
		C1077B05A653724D366DDF9A /* Pods_YYLabel_vs_UILabel_YYLabel_vs_UILabelUITests.framework in Frameworks */ = {isa = PBXBuildFile; fileRef = 9404B89A9815D5308905CF11 /* Pods_YYLabel_vs_UILabel_YYLabel_vs_UILabelUITests.framework */; };
/* End PBXBuildFile section */

/* Begin PBXContainerItemProxy section */
		AF161A2E23F7B79B0006C517 /* PBXContainerItemProxy */ = {
			isa = PBXContainerItemProxy;
			containerPortal = AF161A0F23F7B7990006C517 /* Project object */;
			proxyType = 1;
			remoteGlobalIDString = AF161A1623F7B7990006C517;
			remoteInfo = YYLabel_vs_UILabel;
		};
		AF161A3923F7B79B0006C517 /* PBXContainerItemProxy */ = {
			isa = PBXContainerItemProxy;
			containerPortal = AF161A0F23F7B7990006C517 /* Project object */;
			proxyType = 1;
			remoteGlobalIDString = AF161A1623F7B7990006C517;
			remoteInfo = YYLabel_vs_UILabel;
		};
/* End PBXContainerItemProxy section */

/* Begin PBXFileReference section */
		4A4441CDB0A5CE78CDD8A0F4 /* Pods_YYLabel_vs_UILabelTests.framework */ = {isa = PBXFileReference; explicitFileType = wrapper.framework; includeInIndex = 0; path = Pods_YYLabel_vs_UILabelTests.framework; sourceTree = BUILT_PRODUCTS_DIR; };
		6385905E2406304000A3B5AA /* 91ea0c0f-45e7-461f-8861-d0971428d446.ttf */ = {isa = PBXFileReference; lastKnownFileType = file; path = "91ea0c0f-45e7-461f-8861-d0971428d446.ttf"; sourceTree = "<group>"; };
		638590602406304B00A3B5AA /* UIFont+Versa.h */ = {isa = PBXFileReference; fileEncoding = 4; lastKnownFileType = sourcecode.c.h; path = "UIFont+Versa.h"; sourceTree = "<group>"; };
		638590612406304B00A3B5AA /* UIFont+Versa.m */ = {isa = PBXFileReference; fileEncoding = 4; lastKnownFileType = sourcecode.c.objc; path = "UIFont+Versa.m"; sourceTree = "<group>"; };
		638590632406344800A3B5AA /* YYTextLayout+VerticalForm.h */ = {isa = PBXFileReference; lastKnownFileType = sourcecode.c.h; path = "YYTextLayout+VerticalForm.h"; sourceTree = "<group>"; };
		638590642406344800A3B5AA /* YYTextLayout+VerticalForm.m */ = {isa = PBXFileReference; lastKnownFileType = sourcecode.c.objc; path = "YYTextLayout+VerticalForm.m"; sourceTree = "<group>"; };
		81A932B301DDD27943E2BC78 /* Pods-YYLabel_vs_UILabel.debug.xcconfig */ = {isa = PBXFileReference; includeInIndex = 1; lastKnownFileType = text.xcconfig; name = "Pods-YYLabel_vs_UILabel.debug.xcconfig"; path = "Target Support Files/Pods-YYLabel_vs_UILabel/Pods-YYLabel_vs_UILabel.debug.xcconfig"; sourceTree = "<group>"; };
		84F34CA998754A8308456619 /* Pods-YYLabel_vs_UILabel.release.xcconfig */ = {isa = PBXFileReference; includeInIndex = 1; lastKnownFileType = text.xcconfig; name = "Pods-YYLabel_vs_UILabel.release.xcconfig"; path = "Target Support Files/Pods-YYLabel_vs_UILabel/Pods-YYLabel_vs_UILabel.release.xcconfig"; sourceTree = "<group>"; };
		9404B89A9815D5308905CF11 /* Pods_YYLabel_vs_UILabel_YYLabel_vs_UILabelUITests.framework */ = {isa = PBXFileReference; explicitFileType = wrapper.framework; includeInIndex = 0; path = Pods_YYLabel_vs_UILabel_YYLabel_vs_UILabelUITests.framework; sourceTree = BUILT_PRODUCTS_DIR; };
		AF161A1723F7B7990006C517 /* YYLabel_vs_UILabel.app */ = {isa = PBXFileReference; explicitFileType = wrapper.application; includeInIndex = 0; path = YYLabel_vs_UILabel.app; sourceTree = BUILT_PRODUCTS_DIR; };
		AF161A1A23F7B79A0006C517 /* AppDelegate.swift */ = {isa = PBXFileReference; lastKnownFileType = sourcecode.swift; path = AppDelegate.swift; sourceTree = "<group>"; };
		AF161A1C23F7B79A0006C517 /* SceneDelegate.swift */ = {isa = PBXFileReference; lastKnownFileType = sourcecode.swift; path = SceneDelegate.swift; sourceTree = "<group>"; };
		AF161A1E23F7B79A0006C517 /* ViewController.swift */ = {isa = PBXFileReference; lastKnownFileType = sourcecode.swift; path = ViewController.swift; sourceTree = "<group>"; };
		AF161A2123F7B79A0006C517 /* Base */ = {isa = PBXFileReference; lastKnownFileType = file.storyboard; name = Base; path = Base.lproj/Main.storyboard; sourceTree = "<group>"; };
		AF161A2323F7B79A0006C517 /* Assets.xcassets */ = {isa = PBXFileReference; lastKnownFileType = folder.assetcatalog; path = Assets.xcassets; sourceTree = "<group>"; };
		AF161A2623F7B79A0006C517 /* Base */ = {isa = PBXFileReference; lastKnownFileType = file.storyboard; name = Base; path = Base.lproj/LaunchScreen.storyboard; sourceTree = "<group>"; };
		AF161A2823F7B79A0006C517 /* Info.plist */ = {isa = PBXFileReference; lastKnownFileType = text.plist.xml; path = Info.plist; sourceTree = "<group>"; };
		AF161A2D23F7B79B0006C517 /* YYLabel_vs_UILabelTests.xctest */ = {isa = PBXFileReference; explicitFileType = wrapper.cfbundle; includeInIndex = 0; path = YYLabel_vs_UILabelTests.xctest; sourceTree = BUILT_PRODUCTS_DIR; };
		AF161A3123F7B79B0006C517 /* YYLabel_vs_UILabelTests.swift */ = {isa = PBXFileReference; lastKnownFileType = sourcecode.swift; path = YYLabel_vs_UILabelTests.swift; sourceTree = "<group>"; };
		AF161A3323F7B79B0006C517 /* Info.plist */ = {isa = PBXFileReference; lastKnownFileType = text.plist.xml; path = Info.plist; sourceTree = "<group>"; };
		AF161A3823F7B79B0006C517 /* YYLabel_vs_UILabelUITests.xctest */ = {isa = PBXFileReference; explicitFileType = wrapper.cfbundle; includeInIndex = 0; path = YYLabel_vs_UILabelUITests.xctest; sourceTree = BUILT_PRODUCTS_DIR; };
		AF161A3C23F7B79B0006C517 /* YYLabel_vs_UILabelUITests.swift */ = {isa = PBXFileReference; lastKnownFileType = sourcecode.swift; path = YYLabel_vs_UILabelUITests.swift; sourceTree = "<group>"; };
		AF161A3E23F7B79B0006C517 /* Info.plist */ = {isa = PBXFileReference; lastKnownFileType = text.plist.xml; path = Info.plist; sourceTree = "<group>"; };
		AFC9316223FCF9DD00B84B08 /* YYLabel_vs_UILabel-Bridging-Header.h */ = {isa = PBXFileReference; lastKnownFileType = sourcecode.c.h; path = "YYLabel_vs_UILabel-Bridging-Header.h"; sourceTree = "<group>"; };
		AFC9316323FCF9DD00B84B08 /* DebugOption.h */ = {isa = PBXFileReference; lastKnownFileType = sourcecode.c.h; path = DebugOption.h; sourceTree = "<group>"; };
		AFC9316423FCF9DD00B84B08 /* DebugOption.m */ = {isa = PBXFileReference; lastKnownFileType = sourcecode.c.objc; path = DebugOption.m; sourceTree = "<group>"; };
		B0DA4399C99815D0F9A6DFBF /* Pods-YYLabel_vs_UILabel-YYLabel_vs_UILabelUITests.debug.xcconfig */ = {isa = PBXFileReference; includeInIndex = 1; lastKnownFileType = text.xcconfig; name = "Pods-YYLabel_vs_UILabel-YYLabel_vs_UILabelUITests.debug.xcconfig"; path = "Target Support Files/Pods-YYLabel_vs_UILabel-YYLabel_vs_UILabelUITests/Pods-YYLabel_vs_UILabel-YYLabel_vs_UILabelUITests.debug.xcconfig"; sourceTree = "<group>"; };
		C2E65BC8118B5B1D6024D898 /* Pods_YYLabel_vs_UILabel.framework */ = {isa = PBXFileReference; explicitFileType = wrapper.framework; includeInIndex = 0; path = Pods_YYLabel_vs_UILabel.framework; sourceTree = BUILT_PRODUCTS_DIR; };
		C73CA4A57289AEEEBB509FCE /* Pods-YYLabel_vs_UILabelTests.debug.xcconfig */ = {isa = PBXFileReference; includeInIndex = 1; lastKnownFileType = text.xcconfig; name = "Pods-YYLabel_vs_UILabelTests.debug.xcconfig"; path = "Target Support Files/Pods-YYLabel_vs_UILabelTests/Pods-YYLabel_vs_UILabelTests.debug.xcconfig"; sourceTree = "<group>"; };
		C8402BCC1A9C3730EEE81492 /* Pods-YYLabel_vs_UILabelTests.release.xcconfig */ = {isa = PBXFileReference; includeInIndex = 1; lastKnownFileType = text.xcconfig; name = "Pods-YYLabel_vs_UILabelTests.release.xcconfig"; path = "Target Support Files/Pods-YYLabel_vs_UILabelTests/Pods-YYLabel_vs_UILabelTests.release.xcconfig"; sourceTree = "<group>"; };
		DEA9AFF4FD4763DEA5AC3942 /* Pods-YYLabel_vs_UILabel-YYLabel_vs_UILabelUITests.release.xcconfig */ = {isa = PBXFileReference; includeInIndex = 1; lastKnownFileType = text.xcconfig; name = "Pods-YYLabel_vs_UILabel-YYLabel_vs_UILabelUITests.release.xcconfig"; path = "Target Support Files/Pods-YYLabel_vs_UILabel-YYLabel_vs_UILabelUITests/Pods-YYLabel_vs_UILabel-YYLabel_vs_UILabelUITests.release.xcconfig"; sourceTree = "<group>"; };
/* End PBXFileReference section */

/* Begin PBXFrameworksBuildPhase section */
		AF161A1423F7B7990006C517 /* Frameworks */ = {
			isa = PBXFrameworksBuildPhase;
			buildActionMask = 2147483647;
			files = (
				5FD47D9CB49FB9657CB69784 /* Pods_YYLabel_vs_UILabel.framework in Frameworks */,
			);
			runOnlyForDeploymentPostprocessing = 0;
		};
		AF161A2A23F7B79B0006C517 /* Frameworks */ = {
			isa = PBXFrameworksBuildPhase;
			buildActionMask = 2147483647;
			files = (
				62D299DE53E6DE18981ED266 /* Pods_YYLabel_vs_UILabelTests.framework in Frameworks */,
			);
			runOnlyForDeploymentPostprocessing = 0;
		};
		AF161A3523F7B79B0006C517 /* Frameworks */ = {
			isa = PBXFrameworksBuildPhase;
			buildActionMask = 2147483647;
			files = (
				C1077B05A653724D366DDF9A /* Pods_YYLabel_vs_UILabel_YYLabel_vs_UILabelUITests.framework in Frameworks */,
			);
			runOnlyForDeploymentPostprocessing = 0;
		};
/* End PBXFrameworksBuildPhase section */

/* Begin PBXGroup section */
		8673D1CB708443E4857317D0 /* Frameworks */ = {
			isa = PBXGroup;
			children = (
				C2E65BC8118B5B1D6024D898 /* Pods_YYLabel_vs_UILabel.framework */,
				9404B89A9815D5308905CF11 /* Pods_YYLabel_vs_UILabel_YYLabel_vs_UILabelUITests.framework */,
				4A4441CDB0A5CE78CDD8A0F4 /* Pods_YYLabel_vs_UILabelTests.framework */,
			);
			name = Frameworks;
			sourceTree = "<group>";
		};
		AF161A0E23F7B7990006C517 = {
			isa = PBXGroup;
			children = (
				AF161A1923F7B79A0006C517 /* YYLabel_vs_UILabel */,
				AF161A3023F7B79B0006C517 /* YYLabel_vs_UILabelTests */,
				AF161A3B23F7B79B0006C517 /* YYLabel_vs_UILabelUITests */,
				AF161A1823F7B7990006C517 /* Products */,
				CE63618AB8932DF657C2E3B9 /* Pods */,
				8673D1CB708443E4857317D0 /* Frameworks */,
			);
			sourceTree = "<group>";
		};
		AF161A1823F7B7990006C517 /* Products */ = {
			isa = PBXGroup;
			children = (
				AF161A1723F7B7990006C517 /* YYLabel_vs_UILabel.app */,
				AF161A2D23F7B79B0006C517 /* YYLabel_vs_UILabelTests.xctest */,
				AF161A3823F7B79B0006C517 /* YYLabel_vs_UILabelUITests.xctest */,
			);
			name = Products;
			sourceTree = "<group>";
		};
		AF161A1923F7B79A0006C517 /* YYLabel_vs_UILabel */ = {
			isa = PBXGroup;
			children = (
				AF161A1A23F7B79A0006C517 /* AppDelegate.swift */,
				AF161A1C23F7B79A0006C517 /* SceneDelegate.swift */,
				AF161A1E23F7B79A0006C517 /* ViewController.swift */,
				AFC9316323FCF9DD00B84B08 /* DebugOption.h */,
				AFC9316423FCF9DD00B84B08 /* DebugOption.m */,
				638590602406304B00A3B5AA /* UIFont+Versa.h */,
				638590612406304B00A3B5AA /* UIFont+Versa.m */,
				638590632406344800A3B5AA /* YYTextLayout+VerticalForm.h */,
				638590642406344800A3B5AA /* YYTextLayout+VerticalForm.m */,
				6385905E2406304000A3B5AA /* 91ea0c0f-45e7-461f-8861-d0971428d446.ttf */,
				AF161A2023F7B79A0006C517 /* Main.storyboard */,
				AF161A2323F7B79A0006C517 /* Assets.xcassets */,
				AF161A2523F7B79A0006C517 /* LaunchScreen.storyboard */,
				AF161A2823F7B79A0006C517 /* Info.plist */,
				AFC9316223FCF9DD00B84B08 /* YYLabel_vs_UILabel-Bridging-Header.h */,
			);
			path = YYLabel_vs_UILabel;
			sourceTree = "<group>";
		};
		AF161A3023F7B79B0006C517 /* YYLabel_vs_UILabelTests */ = {
			isa = PBXGroup;
			children = (
				AF161A3123F7B79B0006C517 /* YYLabel_vs_UILabelTests.swift */,
				AF161A3323F7B79B0006C517 /* Info.plist */,
			);
			path = YYLabel_vs_UILabelTests;
			sourceTree = "<group>";
		};
		AF161A3B23F7B79B0006C517 /* YYLabel_vs_UILabelUITests */ = {
			isa = PBXGroup;
			children = (
				AF161A3C23F7B79B0006C517 /* YYLabel_vs_UILabelUITests.swift */,
				AF161A3E23F7B79B0006C517 /* Info.plist */,
			);
			path = YYLabel_vs_UILabelUITests;
			sourceTree = "<group>";
		};
		CE63618AB8932DF657C2E3B9 /* Pods */ = {
			isa = PBXGroup;
			children = (
				81A932B301DDD27943E2BC78 /* Pods-YYLabel_vs_UILabel.debug.xcconfig */,
				84F34CA998754A8308456619 /* Pods-YYLabel_vs_UILabel.release.xcconfig */,
				B0DA4399C99815D0F9A6DFBF /* Pods-YYLabel_vs_UILabel-YYLabel_vs_UILabelUITests.debug.xcconfig */,
				DEA9AFF4FD4763DEA5AC3942 /* Pods-YYLabel_vs_UILabel-YYLabel_vs_UILabelUITests.release.xcconfig */,
				C73CA4A57289AEEEBB509FCE /* Pods-YYLabel_vs_UILabelTests.debug.xcconfig */,
				C8402BCC1A9C3730EEE81492 /* Pods-YYLabel_vs_UILabelTests.release.xcconfig */,
			);
			path = Pods;
			sourceTree = "<group>";
		};
/* End PBXGroup section */

/* Begin PBXNativeTarget section */
		AF161A1623F7B7990006C517 /* YYLabel_vs_UILabel */ = {
			isa = PBXNativeTarget;
			buildConfigurationList = AF161A4123F7B79B0006C517 /* Build configuration list for PBXNativeTarget "YYLabel_vs_UILabel" */;
			buildPhases = (
				60F5F369AA8ED546BBD7D950 /* [CP] Check Pods Manifest.lock */,
				AF161A1323F7B7990006C517 /* Sources */,
				AF161A1423F7B7990006C517 /* Frameworks */,
				AF161A1523F7B7990006C517 /* Resources */,
				08EDCA971C6E1D08680CB222 /* [CP] Embed Pods Frameworks */,
			);
			buildRules = (
			);
			dependencies = (
			);
			name = YYLabel_vs_UILabel;
			productName = YYLabel_vs_UILabel;
			productReference = AF161A1723F7B7990006C517 /* YYLabel_vs_UILabel.app */;
			productType = "com.apple.product-type.application";
		};
		AF161A2C23F7B79B0006C517 /* YYLabel_vs_UILabelTests */ = {
			isa = PBXNativeTarget;
			buildConfigurationList = AF161A4423F7B79B0006C517 /* Build configuration list for PBXNativeTarget "YYLabel_vs_UILabelTests" */;
			buildPhases = (
				A52CD05AEC034464A17DDCAC /* [CP] Check Pods Manifest.lock */,
				AF161A2923F7B79B0006C517 /* Sources */,
				AF161A2A23F7B79B0006C517 /* Frameworks */,
				AF161A2B23F7B79B0006C517 /* Resources */,
			);
			buildRules = (
			);
			dependencies = (
				AF161A2F23F7B79B0006C517 /* PBXTargetDependency */,
			);
			name = YYLabel_vs_UILabelTests;
			productName = YYLabel_vs_UILabelTests;
			productReference = AF161A2D23F7B79B0006C517 /* YYLabel_vs_UILabelTests.xctest */;
			productType = "com.apple.product-type.bundle.unit-test";
		};
		AF161A3723F7B79B0006C517 /* YYLabel_vs_UILabelUITests */ = {
			isa = PBXNativeTarget;
			buildConfigurationList = AF161A4723F7B79B0006C517 /* Build configuration list for PBXNativeTarget "YYLabel_vs_UILabelUITests" */;
			buildPhases = (
				B5ED4F92F090199E5A293D0C /* [CP] Check Pods Manifest.lock */,
				AF161A3423F7B79B0006C517 /* Sources */,
				AF161A3523F7B79B0006C517 /* Frameworks */,
				AF161A3623F7B79B0006C517 /* Resources */,
				4661E95EBCB38660D43E9B61 /* [CP] Embed Pods Frameworks */,
			);
			buildRules = (
			);
			dependencies = (
				AF161A3A23F7B79B0006C517 /* PBXTargetDependency */,
			);
			name = YYLabel_vs_UILabelUITests;
			productName = YYLabel_vs_UILabelUITests;
			productReference = AF161A3823F7B79B0006C517 /* YYLabel_vs_UILabelUITests.xctest */;
			productType = "com.apple.product-type.bundle.ui-testing";
		};
/* End PBXNativeTarget section */

/* Begin PBXProject section */
		AF161A0F23F7B7990006C517 /* Project object */ = {
			isa = PBXProject;
			attributes = {
				LastSwiftUpdateCheck = 1130;
				LastUpgradeCheck = 1130;
				ORGANIZATIONNAME = chengqihan;
				TargetAttributes = {
					AF161A1623F7B7990006C517 = {
						CreatedOnToolsVersion = 11.3.1;
						LastSwiftMigration = 1130;
					};
					AF161A2C23F7B79B0006C517 = {
						CreatedOnToolsVersion = 11.3.1;
						TestTargetID = AF161A1623F7B7990006C517;
					};
					AF161A3723F7B79B0006C517 = {
						CreatedOnToolsVersion = 11.3.1;
						TestTargetID = AF161A1623F7B7990006C517;
					};
				};
			};
			buildConfigurationList = AF161A1223F7B7990006C517 /* Build configuration list for PBXProject "YYLabel_vs_UILabel" */;
			compatibilityVersion = "Xcode 9.3";
			developmentRegion = en;
			hasScannedForEncodings = 0;
			knownRegions = (
				en,
				Base,
			);
			mainGroup = AF161A0E23F7B7990006C517;
			productRefGroup = AF161A1823F7B7990006C517 /* Products */;
			projectDirPath = "";
			projectRoot = "";
			targets = (
				AF161A1623F7B7990006C517 /* YYLabel_vs_UILabel */,
				AF161A2C23F7B79B0006C517 /* YYLabel_vs_UILabelTests */,
				AF161A3723F7B79B0006C517 /* YYLabel_vs_UILabelUITests */,
			);
		};
/* End PBXProject section */

/* Begin PBXResourcesBuildPhase section */
		AF161A1523F7B7990006C517 /* Resources */ = {
			isa = PBXResourcesBuildPhase;
			buildActionMask = 2147483647;
			files = (
				AF161A2723F7B79A0006C517 /* LaunchScreen.storyboard in Resources */,
				AF161A2423F7B79A0006C517 /* Assets.xcassets in Resources */,
				AF161A2223F7B79A0006C517 /* Main.storyboard in Resources */,
				6385905F2406304000A3B5AA /* 91ea0c0f-45e7-461f-8861-d0971428d446.ttf in Resources */,
			);
			runOnlyForDeploymentPostprocessing = 0;
		};
		AF161A2B23F7B79B0006C517 /* Resources */ = {
			isa = PBXResourcesBuildPhase;
			buildActionMask = 2147483647;
			files = (
			);
			runOnlyForDeploymentPostprocessing = 0;
		};
		AF161A3623F7B79B0006C517 /* Resources */ = {
			isa = PBXResourcesBuildPhase;
			buildActionMask = 2147483647;
			files = (
			);
			runOnlyForDeploymentPostprocessing = 0;
		};
/* End PBXResourcesBuildPhase section */

/* Begin PBXShellScriptBuildPhase section */
		08EDCA971C6E1D08680CB222 /* [CP] Embed Pods Frameworks */ = {
			isa = PBXShellScriptBuildPhase;
			buildActionMask = 2147483647;
			files = (
			);
			inputFileListPaths = (
				"${PODS_ROOT}/Target Support Files/Pods-YYLabel_vs_UILabel/Pods-YYLabel_vs_UILabel-frameworks-${CONFIGURATION}-input-files.xcfilelist",
			);
			name = "[CP] Embed Pods Frameworks";
			outputFileListPaths = (
				"${PODS_ROOT}/Target Support Files/Pods-YYLabel_vs_UILabel/Pods-YYLabel_vs_UILabel-frameworks-${CONFIGURATION}-output-files.xcfilelist",
			);
			runOnlyForDeploymentPostprocessing = 0;
			shellPath = /bin/sh;
			shellScript = "\"${PODS_ROOT}/Target Support Files/Pods-YYLabel_vs_UILabel/Pods-YYLabel_vs_UILabel-frameworks.sh\"\n";
			showEnvVarsInLog = 0;
		};
		4661E95EBCB38660D43E9B61 /* [CP] Embed Pods Frameworks */ = {
			isa = PBXShellScriptBuildPhase;
			buildActionMask = 2147483647;
			files = (
			);
			inputFileListPaths = (
				"${PODS_ROOT}/Target Support Files/Pods-YYLabel_vs_UILabel-YYLabel_vs_UILabelUITests/Pods-YYLabel_vs_UILabel-YYLabel_vs_UILabelUITests-frameworks-${CONFIGURATION}-input-files.xcfilelist",
			);
			name = "[CP] Embed Pods Frameworks";
			outputFileListPaths = (
				"${PODS_ROOT}/Target Support Files/Pods-YYLabel_vs_UILabel-YYLabel_vs_UILabelUITests/Pods-YYLabel_vs_UILabel-YYLabel_vs_UILabelUITests-frameworks-${CONFIGURATION}-output-files.xcfilelist",
			);
			runOnlyForDeploymentPostprocessing = 0;
			shellPath = /bin/sh;
			shellScript = "\"${PODS_ROOT}/Target Support Files/Pods-YYLabel_vs_UILabel-YYLabel_vs_UILabelUITests/Pods-YYLabel_vs_UILabel-YYLabel_vs_UILabelUITests-frameworks.sh\"\n";
			showEnvVarsInLog = 0;
		};
		60F5F369AA8ED546BBD7D950 /* [CP] Check Pods Manifest.lock */ = {
			isa = PBXShellScriptBuildPhase;
			buildActionMask = 2147483647;
			files = (
			);
			inputFileListPaths = (
			);
			inputPaths = (
				"${PODS_PODFILE_DIR_PATH}/Podfile.lock",
				"${PODS_ROOT}/Manifest.lock",
			);
			name = "[CP] Check Pods Manifest.lock";
			outputFileListPaths = (
			);
			outputPaths = (
				"$(DERIVED_FILE_DIR)/Pods-YYLabel_vs_UILabel-checkManifestLockResult.txt",
			);
			runOnlyForDeploymentPostprocessing = 0;
			shellPath = /bin/sh;
			shellScript = "diff \"${PODS_PODFILE_DIR_PATH}/Podfile.lock\" \"${PODS_ROOT}/Manifest.lock\" > /dev/null\nif [ $? != 0 ] ; then\n    # print error to STDERR\n    echo \"error: The sandbox is not in sync with the Podfile.lock. Run 'pod install' or update your CocoaPods installation.\" >&2\n    exit 1\nfi\n# This output is used by Xcode 'outputs' to avoid re-running this script phase.\necho \"SUCCESS\" > \"${SCRIPT_OUTPUT_FILE_0}\"\n";
			showEnvVarsInLog = 0;
		};
		A52CD05AEC034464A17DDCAC /* [CP] Check Pods Manifest.lock */ = {
			isa = PBXShellScriptBuildPhase;
			buildActionMask = 2147483647;
			files = (
			);
			inputFileListPaths = (
			);
			inputPaths = (
				"${PODS_PODFILE_DIR_PATH}/Podfile.lock",
				"${PODS_ROOT}/Manifest.lock",
			);
			name = "[CP] Check Pods Manifest.lock";
			outputFileListPaths = (
			);
			outputPaths = (
				"$(DERIVED_FILE_DIR)/Pods-YYLabel_vs_UILabelTests-checkManifestLockResult.txt",
			);
			runOnlyForDeploymentPostprocessing = 0;
			shellPath = /bin/sh;
			shellScript = "diff \"${PODS_PODFILE_DIR_PATH}/Podfile.lock\" \"${PODS_ROOT}/Manifest.lock\" > /dev/null\nif [ $? != 0 ] ; then\n    # print error to STDERR\n    echo \"error: The sandbox is not in sync with the Podfile.lock. Run 'pod install' or update your CocoaPods installation.\" >&2\n    exit 1\nfi\n# This output is used by Xcode 'outputs' to avoid re-running this script phase.\necho \"SUCCESS\" > \"${SCRIPT_OUTPUT_FILE_0}\"\n";
			showEnvVarsInLog = 0;
		};
		B5ED4F92F090199E5A293D0C /* [CP] Check Pods Manifest.lock */ = {
			isa = PBXShellScriptBuildPhase;
			buildActionMask = 2147483647;
			files = (
			);
			inputFileListPaths = (
			);
			inputPaths = (
				"${PODS_PODFILE_DIR_PATH}/Podfile.lock",
				"${PODS_ROOT}/Manifest.lock",
			);
			name = "[CP] Check Pods Manifest.lock";
			outputFileListPaths = (
			);
			outputPaths = (
				"$(DERIVED_FILE_DIR)/Pods-YYLabel_vs_UILabel-YYLabel_vs_UILabelUITests-checkManifestLockResult.txt",
			);
			runOnlyForDeploymentPostprocessing = 0;
			shellPath = /bin/sh;
			shellScript = "diff \"${PODS_PODFILE_DIR_PATH}/Podfile.lock\" \"${PODS_ROOT}/Manifest.lock\" > /dev/null\nif [ $? != 0 ] ; then\n    # print error to STDERR\n    echo \"error: The sandbox is not in sync with the Podfile.lock. Run 'pod install' or update your CocoaPods installation.\" >&2\n    exit 1\nfi\n# This output is used by Xcode 'outputs' to avoid re-running this script phase.\necho \"SUCCESS\" > \"${SCRIPT_OUTPUT_FILE_0}\"\n";
			showEnvVarsInLog = 0;
		};
/* End PBXShellScriptBuildPhase section */

/* Begin PBXSourcesBuildPhase section */
		AF161A1323F7B7990006C517 /* Sources */ = {
			isa = PBXSourcesBuildPhase;
			buildActionMask = 2147483647;
			files = (
				AFC9316523FCF9DD00B84B08 /* DebugOption.m in Sources */,
				AF161A1F23F7B79A0006C517 /* ViewController.swift in Sources */,
				638590652406344800A3B5AA /* YYTextLayout+VerticalForm.m in Sources */,
				AF161A1B23F7B79A0006C517 /* AppDelegate.swift in Sources */,
				638590622406304B00A3B5AA /* UIFont+Versa.m in Sources */,
				AF161A1D23F7B79A0006C517 /* SceneDelegate.swift in Sources */,
			);
			runOnlyForDeploymentPostprocessing = 0;
		};
		AF161A2923F7B79B0006C517 /* Sources */ = {
			isa = PBXSourcesBuildPhase;
			buildActionMask = 2147483647;
			files = (
				AF161A3223F7B79B0006C517 /* YYLabel_vs_UILabelTests.swift in Sources */,
			);
			runOnlyForDeploymentPostprocessing = 0;
		};
		AF161A3423F7B79B0006C517 /* Sources */ = {
			isa = PBXSourcesBuildPhase;
			buildActionMask = 2147483647;
			files = (
				AF161A3D23F7B79B0006C517 /* YYLabel_vs_UILabelUITests.swift in Sources */,
			);
			runOnlyForDeploymentPostprocessing = 0;
		};
/* End PBXSourcesBuildPhase section */

/* Begin PBXTargetDependency section */
		AF161A2F23F7B79B0006C517 /* PBXTargetDependency */ = {
			isa = PBXTargetDependency;
			target = AF161A1623F7B7990006C517 /* YYLabel_vs_UILabel */;
			targetProxy = AF161A2E23F7B79B0006C517 /* PBXContainerItemProxy */;
		};
		AF161A3A23F7B79B0006C517 /* PBXTargetDependency */ = {
			isa = PBXTargetDependency;
			target = AF161A1623F7B7990006C517 /* YYLabel_vs_UILabel */;
			targetProxy = AF161A3923F7B79B0006C517 /* PBXContainerItemProxy */;
		};
/* End PBXTargetDependency section */

/* Begin PBXVariantGroup section */
		AF161A2023F7B79A0006C517 /* Main.storyboard */ = {
			isa = PBXVariantGroup;
			children = (
				AF161A2123F7B79A0006C517 /* Base */,
			);
			name = Main.storyboard;
			sourceTree = "<group>";
		};
		AF161A2523F7B79A0006C517 /* LaunchScreen.storyboard */ = {
			isa = PBXVariantGroup;
			children = (
				AF161A2623F7B79A0006C517 /* Base */,
			);
			name = LaunchScreen.storyboard;
			sourceTree = "<group>";
		};
/* End PBXVariantGroup section */

/* Begin XCBuildConfiguration section */
		AF161A3F23F7B79B0006C517 /* Debug */ = {
			isa = XCBuildConfiguration;
			buildSettings = {
				ALWAYS_SEARCH_USER_PATHS = NO;
				CLANG_ANALYZER_NONNULL = YES;
				CLANG_ANALYZER_NUMBER_OBJECT_CONVERSION = YES_AGGRESSIVE;
				CLANG_CXX_LANGUAGE_STANDARD = "gnu++14";
				CLANG_CXX_LIBRARY = "libc++";
				CLANG_ENABLE_MODULES = YES;
				CLANG_ENABLE_OBJC_ARC = YES;
				CLANG_ENABLE_OBJC_WEAK = YES;
				CLANG_WARN_BLOCK_CAPTURE_AUTORELEASING = YES;
				CLANG_WARN_BOOL_CONVERSION = YES;
				CLANG_WARN_COMMA = YES;
				CLANG_WARN_CONSTANT_CONVERSION = YES;
				CLANG_WARN_DEPRECATED_OBJC_IMPLEMENTATIONS = YES;
				CLANG_WARN_DIRECT_OBJC_ISA_USAGE = YES_ERROR;
				CLANG_WARN_DOCUMENTATION_COMMENTS = YES;
				CLANG_WARN_EMPTY_BODY = YES;
				CLANG_WARN_ENUM_CONVERSION = YES;
				CLANG_WARN_INFINITE_RECURSION = YES;
				CLANG_WARN_INT_CONVERSION = YES;
				CLANG_WARN_NON_LITERAL_NULL_CONVERSION = YES;
				CLANG_WARN_OBJC_IMPLICIT_RETAIN_SELF = YES;
				CLANG_WARN_OBJC_LITERAL_CONVERSION = YES;
				CLANG_WARN_OBJC_ROOT_CLASS = YES_ERROR;
				CLANG_WARN_RANGE_LOOP_ANALYSIS = YES;
				CLANG_WARN_STRICT_PROTOTYPES = YES;
				CLANG_WARN_SUSPICIOUS_MOVE = YES;
				CLANG_WARN_UNGUARDED_AVAILABILITY = YES_AGGRESSIVE;
				CLANG_WARN_UNREACHABLE_CODE = YES;
				CLANG_WARN__DUPLICATE_METHOD_MATCH = YES;
				COPY_PHASE_STRIP = NO;
				DEBUG_INFORMATION_FORMAT = dwarf;
				ENABLE_STRICT_OBJC_MSGSEND = YES;
				ENABLE_TESTABILITY = YES;
				GCC_C_LANGUAGE_STANDARD = gnu11;
				GCC_DYNAMIC_NO_PIC = NO;
				GCC_NO_COMMON_BLOCKS = YES;
				GCC_OPTIMIZATION_LEVEL = 0;
				GCC_PREPROCESSOR_DEFINITIONS = (
					"DEBUG=1",
					"$(inherited)",
				);
				GCC_WARN_64_TO_32_BIT_CONVERSION = YES;
				GCC_WARN_ABOUT_RETURN_TYPE = YES_ERROR;
				GCC_WARN_UNDECLARED_SELECTOR = YES;
				GCC_WARN_UNINITIALIZED_AUTOS = YES_AGGRESSIVE;
				GCC_WARN_UNUSED_FUNCTION = YES;
				GCC_WARN_UNUSED_VARIABLE = YES;
				IPHONEOS_DEPLOYMENT_TARGET = 13.2;
				MTL_ENABLE_DEBUG_INFO = INCLUDE_SOURCE;
				MTL_FAST_MATH = YES;
				ONLY_ACTIVE_ARCH = YES;
				SDKROOT = iphoneos;
				SWIFT_ACTIVE_COMPILATION_CONDITIONS = DEBUG;
				SWIFT_OPTIMIZATION_LEVEL = "-Onone";
			};
			name = Debug;
		};
		AF161A4023F7B79B0006C517 /* Release */ = {
			isa = XCBuildConfiguration;
			buildSettings = {
				ALWAYS_SEARCH_USER_PATHS = NO;
				CLANG_ANALYZER_NONNULL = YES;
				CLANG_ANALYZER_NUMBER_OBJECT_CONVERSION = YES_AGGRESSIVE;
				CLANG_CXX_LANGUAGE_STANDARD = "gnu++14";
				CLANG_CXX_LIBRARY = "libc++";
				CLANG_ENABLE_MODULES = YES;
				CLANG_ENABLE_OBJC_ARC = YES;
				CLANG_ENABLE_OBJC_WEAK = YES;
				CLANG_WARN_BLOCK_CAPTURE_AUTORELEASING = YES;
				CLANG_WARN_BOOL_CONVERSION = YES;
				CLANG_WARN_COMMA = YES;
				CLANG_WARN_CONSTANT_CONVERSION = YES;
				CLANG_WARN_DEPRECATED_OBJC_IMPLEMENTATIONS = YES;
				CLANG_WARN_DIRECT_OBJC_ISA_USAGE = YES_ERROR;
				CLANG_WARN_DOCUMENTATION_COMMENTS = YES;
				CLANG_WARN_EMPTY_BODY = YES;
				CLANG_WARN_ENUM_CONVERSION = YES;
				CLANG_WARN_INFINITE_RECURSION = YES;
				CLANG_WARN_INT_CONVERSION = YES;
				CLANG_WARN_NON_LITERAL_NULL_CONVERSION = YES;
				CLANG_WARN_OBJC_IMPLICIT_RETAIN_SELF = YES;
				CLANG_WARN_OBJC_LITERAL_CONVERSION = YES;
				CLANG_WARN_OBJC_ROOT_CLASS = YES_ERROR;
				CLANG_WARN_RANGE_LOOP_ANALYSIS = YES;
				CLANG_WARN_STRICT_PROTOTYPES = YES;
				CLANG_WARN_SUSPICIOUS_MOVE = YES;
				CLANG_WARN_UNGUARDED_AVAILABILITY = YES_AGGRESSIVE;
				CLANG_WARN_UNREACHABLE_CODE = YES;
				CLANG_WARN__DUPLICATE_METHOD_MATCH = YES;
				COPY_PHASE_STRIP = NO;
				DEBUG_INFORMATION_FORMAT = "dwarf-with-dsym";
				ENABLE_NS_ASSERTIONS = NO;
				ENABLE_STRICT_OBJC_MSGSEND = YES;
				GCC_C_LANGUAGE_STANDARD = gnu11;
				GCC_NO_COMMON_BLOCKS = YES;
				GCC_WARN_64_TO_32_BIT_CONVERSION = YES;
				GCC_WARN_ABOUT_RETURN_TYPE = YES_ERROR;
				GCC_WARN_UNDECLARED_SELECTOR = YES;
				GCC_WARN_UNINITIALIZED_AUTOS = YES_AGGRESSIVE;
				GCC_WARN_UNUSED_FUNCTION = YES;
				GCC_WARN_UNUSED_VARIABLE = YES;
				IPHONEOS_DEPLOYMENT_TARGET = 13.2;
				MTL_ENABLE_DEBUG_INFO = NO;
				MTL_FAST_MATH = YES;
				SDKROOT = iphoneos;
				SWIFT_COMPILATION_MODE = wholemodule;
				SWIFT_OPTIMIZATION_LEVEL = "-O";
				VALIDATE_PRODUCT = YES;
			};
			name = Release;
		};
		AF161A4223F7B79B0006C517 /* Debug */ = {
			isa = XCBuildConfiguration;
			baseConfigurationReference = 81A932B301DDD27943E2BC78 /* Pods-YYLabel_vs_UILabel.debug.xcconfig */;
			buildSettings = {
				ASSETCATALOG_COMPILER_APPICON_NAME = AppIcon;
				CLANG_ENABLE_MODULES = YES;
				CODE_SIGN_STYLE = Automatic;
				DEVELOPMENT_TEAM = E6YTL27QWA;
				INFOPLIST_FILE = YYLabel_vs_UILabel/Info.plist;
				IPHONEOS_DEPLOYMENT_TARGET = 12.0;
				LD_RUNPATH_SEARCH_PATHS = (
					"$(inherited)",
					"@executable_path/Frameworks",
				);
				PRODUCT_BUNDLE_IDENTIFIER = "com.caitoy.YYLabel-vs-UILabel";
				PRODUCT_NAME = "$(TARGET_NAME)";
				SWIFT_OBJC_BRIDGING_HEADER = "YYLabel_vs_UILabel/YYLabel_vs_UILabel-Bridging-Header.h";
				SWIFT_OPTIMIZATION_LEVEL = "-Onone";
				SWIFT_VERSION = 5.0;
				TARGETED_DEVICE_FAMILY = "1,2";
			};
			name = Debug;
		};
		AF161A4323F7B79B0006C517 /* Release */ = {
			isa = XCBuildConfiguration;
			baseConfigurationReference = 84F34CA998754A8308456619 /* Pods-YYLabel_vs_UILabel.release.xcconfig */;
			buildSettings = {
				ASSETCATALOG_COMPILER_APPICON_NAME = AppIcon;
				CLANG_ENABLE_MODULES = YES;
				CODE_SIGN_STYLE = Automatic;
				DEVELOPMENT_TEAM = E6YTL27QWA;
				INFOPLIST_FILE = YYLabel_vs_UILabel/Info.plist;
				IPHONEOS_DEPLOYMENT_TARGET = 12.0;
				LD_RUNPATH_SEARCH_PATHS = (
					"$(inherited)",
					"@executable_path/Frameworks",
				);
				PRODUCT_BUNDLE_IDENTIFIER = "com.caitoy.YYLabel-vs-UILabel";
				PRODUCT_NAME = "$(TARGET_NAME)";
				SWIFT_OBJC_BRIDGING_HEADER = "YYLabel_vs_UILabel/YYLabel_vs_UILabel-Bridging-Header.h";
				SWIFT_VERSION = 5.0;
				TARGETED_DEVICE_FAMILY = "1,2";
			};
			name = Release;
		};
		AF161A4523F7B79B0006C517 /* Debug */ = {
			isa = XCBuildConfiguration;
			baseConfigurationReference = C73CA4A57289AEEEBB509FCE /* Pods-YYLabel_vs_UILabelTests.debug.xcconfig */;
			buildSettings = {
				ALWAYS_EMBED_SWIFT_STANDARD_LIBRARIES = YES;
				BUNDLE_LOADER = "$(TEST_HOST)";
				CODE_SIGN_STYLE = Automatic;
				DEVELOPMENT_TEAM = E6YTL27QWA;
				INFOPLIST_FILE = YYLabel_vs_UILabelTests/Info.plist;
				IPHONEOS_DEPLOYMENT_TARGET = 13.2;
				LD_RUNPATH_SEARCH_PATHS = (
					"$(inherited)",
					"@executable_path/Frameworks",
					"@loader_path/Frameworks",
				);
				PRODUCT_BUNDLE_IDENTIFIER = "com.caitoy.YYLabel-vs-UILabelTests";
				PRODUCT_NAME = "$(TARGET_NAME)";
				SWIFT_VERSION = 5.0;
				TARGETED_DEVICE_FAMILY = "1,2";
				TEST_HOST = "$(BUILT_PRODUCTS_DIR)/YYLabel_vs_UILabel.app/YYLabel_vs_UILabel";
			};
			name = Debug;
		};
		AF161A4623F7B79B0006C517 /* Release */ = {
			isa = XCBuildConfiguration;
			baseConfigurationReference = C8402BCC1A9C3730EEE81492 /* Pods-YYLabel_vs_UILabelTests.release.xcconfig */;
			buildSettings = {
				ALWAYS_EMBED_SWIFT_STANDARD_LIBRARIES = YES;
				BUNDLE_LOADER = "$(TEST_HOST)";
				CODE_SIGN_STYLE = Automatic;
				DEVELOPMENT_TEAM = E6YTL27QWA;
				INFOPLIST_FILE = YYLabel_vs_UILabelTests/Info.plist;
				IPHONEOS_DEPLOYMENT_TARGET = 13.2;
				LD_RUNPATH_SEARCH_PATHS = (
					"$(inherited)",
					"@executable_path/Frameworks",
					"@loader_path/Frameworks",
				);
				PRODUCT_BUNDLE_IDENTIFIER = "com.caitoy.YYLabel-vs-UILabelTests";
				PRODUCT_NAME = "$(TARGET_NAME)";
				SWIFT_VERSION = 5.0;
				TARGETED_DEVICE_FAMILY = "1,2";
				TEST_HOST = "$(BUILT_PRODUCTS_DIR)/YYLabel_vs_UILabel.app/YYLabel_vs_UILabel";
			};
			name = Release;
		};
		AF161A4823F7B79B0006C517 /* Debug */ = {
			isa = XCBuildConfiguration;
			baseConfigurationReference = B0DA4399C99815D0F9A6DFBF /* Pods-YYLabel_vs_UILabel-YYLabel_vs_UILabelUITests.debug.xcconfig */;
			buildSettings = {
				ALWAYS_EMBED_SWIFT_STANDARD_LIBRARIES = YES;
				CODE_SIGN_STYLE = Automatic;
				DEVELOPMENT_TEAM = E6YTL27QWA;
				INFOPLIST_FILE = YYLabel_vs_UILabelUITests/Info.plist;
				LD_RUNPATH_SEARCH_PATHS = (
					"$(inherited)",
					"@executable_path/Frameworks",
					"@loader_path/Frameworks",
				);
				PRODUCT_BUNDLE_IDENTIFIER = "com.caitoy.YYLabel-vs-UILabelUITests";
				PRODUCT_NAME = "$(TARGET_NAME)";
				SWIFT_VERSION = 5.0;
				TARGETED_DEVICE_FAMILY = "1,2";
				TEST_TARGET_NAME = YYLabel_vs_UILabel;
			};
			name = Debug;
		};
		AF161A4923F7B79B0006C517 /* Release */ = {
			isa = XCBuildConfiguration;
			baseConfigurationReference = DEA9AFF4FD4763DEA5AC3942 /* Pods-YYLabel_vs_UILabel-YYLabel_vs_UILabelUITests.release.xcconfig */;
			buildSettings = {
				ALWAYS_EMBED_SWIFT_STANDARD_LIBRARIES = YES;
				CODE_SIGN_STYLE = Automatic;
				DEVELOPMENT_TEAM = E6YTL27QWA;
				INFOPLIST_FILE = YYLabel_vs_UILabelUITests/Info.plist;
				LD_RUNPATH_SEARCH_PATHS = (
					"$(inherited)",
					"@executable_path/Frameworks",
					"@loader_path/Frameworks",
				);
				PRODUCT_BUNDLE_IDENTIFIER = "com.caitoy.YYLabel-vs-UILabelUITests";
				PRODUCT_NAME = "$(TARGET_NAME)";
				SWIFT_VERSION = 5.0;
				TARGETED_DEVICE_FAMILY = "1,2";
				TEST_TARGET_NAME = YYLabel_vs_UILabel;
			};
			name = Release;
		};
/* End XCBuildConfiguration section */

/* Begin XCConfigurationList section */
		AF161A1223F7B7990006C517 /* Build configuration list for PBXProject "YYLabel_vs_UILabel" */ = {
			isa = XCConfigurationList;
			buildConfigurations = (
				AF161A3F23F7B79B0006C517 /* Debug */,
				AF161A4023F7B79B0006C517 /* Release */,
			);
			defaultConfigurationIsVisible = 0;
			defaultConfigurationName = Release;
		};
		AF161A4123F7B79B0006C517 /* Build configuration list for PBXNativeTarget "YYLabel_vs_UILabel" */ = {
			isa = XCConfigurationList;
			buildConfigurations = (
				AF161A4223F7B79B0006C517 /* Debug */,
				AF161A4323F7B79B0006C517 /* Release */,
			);
			defaultConfigurationIsVisible = 0;
			defaultConfigurationName = Release;
		};
		AF161A4423F7B79B0006C517 /* Build configuration list for PBXNativeTarget "YYLabel_vs_UILabelTests" */ = {
			isa = XCConfigurationList;
			buildConfigurations = (
				AF161A4523F7B79B0006C517 /* Debug */,
				AF161A4623F7B79B0006C517 /* Release */,
			);
			defaultConfigurationIsVisible = 0;
			defaultConfigurationName = Release;
		};
		AF161A4723F7B79B0006C517 /* Build configuration list for PBXNativeTarget "YYLabel_vs_UILabelUITests" */ = {
			isa = XCConfigurationList;
			buildConfigurations = (
				AF161A4823F7B79B0006C517 /* Debug */,
				AF161A4923F7B79B0006C517 /* Release */,
			);
			defaultConfigurationIsVisible = 0;
			defaultConfigurationName = Release;
		};
/* End XCConfigurationList section */
	};
	rootObject = AF161A0F23F7B7990006C517 /* Project object */;
}
